# This file is autogenerated, do not edit; changes may be undone by the next 'dep ensure'.


[[projects]]
  branch = "v2"
  digest = "1:70fd0e18455cff4baaf824cb62690fb952ecebfd0cec11294e84ad47304f708b"
  name = "github.com/go-validator/validator"
  packages = ["."]
  pruneopts = "UT"
  revision = "07ffaad256c8e957050ad83d6472eb97d785013d"

[[projects]]
  branch = "v2"
  digest = "1:35c04c23c8aef680782e117c67e29750453c92d11448da616d2e399887e5fc86"
  name = "github.com/go-yaml/yaml"
  packages = ["."]
  pruneopts = "UT"
  revision = "cd8b52f8269e0feb286dfeef29f8fe4d5b397e0b"

[[projects]]
  digest = "1:236d7e1bdb50d8f68559af37dbcf9d142d56b431c9b2176d41e2a009b664cda8"
  name = "github.com/google/uuid"
  packages = ["."]
  pruneopts = "UT"
  revision = "9b3b1e0f5f99ae461456d768e7d301a7acdaa2d8"
  version = "v1.1.0"

[[projects]]
  digest = "1:ca59b1175189b3f0e9f1793d2c350114be36eaabbe5b9f554b35edee1de50aea"
  name = "github.com/gorilla/mux"
  packages = ["."]
  pruneopts = "UT"
  revision = "a7962380ca08b5a188038c69871b8d3fbdf31e89"
  version = "v1.7.0"

[[projects]]
  digest = "1:40e195917a951a8bf867cd05de2a46aaf1806c50cf92eebf4c16f78cd196f747"
  name = "github.com/pkg/errors"
  packages = ["."]
  pruneopts = "UT"
  revision = "645ef00459ed84a119197bfb8d8205042c6df63d"
  version = "v0.8.0"

[[projects]]
  digest = "1:1b21a2b4058a779f290c7341cd93267492e0ecea6c8b54f64a4a5fd7ff131034"
  name = "github.com/spf13/pflag"
  packages = ["."]
  pruneopts = "UT"
  revision = "e57e3eeb33f795204c1ca35f56c44f83227c6e66"
  version = "v1.0.0"

[[projects]]
  digest = "1:ff6b126259880858441d0a43e63c3f2f9071601415e1f34a7f053f90cbef8464"
  name = "go.uber.org/atomic"
  packages = ["."]
  pruneopts = "UT"
  revision = "3b8db5e93c4c02efbc313e17b2e796b0914a01fb"
  version = "v1.1.0"

[[projects]]
  digest = "1:e9ffbe1fda0698711a41f843a6d04cbbec4316036d93354b253651099b9fa043"
  name = "go.uber.org/config"
  packages = ["."]
  pruneopts = "UT"
  revision = "1278baf8a5065bafb11f658520b8c4fffef649cb"
  version = "v0.1.0"

[[projects]]
  digest = "1:2773e4e922e5af534775962ffef08770b8114e177590f7605886528d37417105"
  name = "go.uber.org/dig"
  packages = [
    ".",
    "internal/digreflect",
    "internal/dot",
  ]
  pruneopts = "UT"
  revision = "7ff117f761a3f1b3eb521945c17a1091438eb6de"
  version = "v1.7.0"

[[projects]]
  digest = "1:74e59bc785a76b467b9a5c0353193e8befa0c27863413e5fc52e87cf3d24fa4e"
  name = "go.uber.org/fx"
  packages = [
    ".",
    "internal/fxlog",
    "internal/fxreflect",
    "internal/lifecycle",
  ]
  pruneopts = "UT"
  revision = "3de044da969b90ad0a3e4a7867a74662f645f3f9"
  version = "v1.9.0"

[[projects]]
  digest = "1:60bf2a5e347af463c42ed31a493d817f8a72f102543060ed992754e689805d1a"
  name = "go.uber.org/multierr"
  packages = ["."]
  pruneopts = "UT"
  revision = "3c4937480c32f4c13a875a1829af76c98ca3d40a"
  version = "v1.1.0"

[[projects]]
  branch = "master"
  digest = "1:d87af402fc3f371d6b008f58903e98bee8873db45263dc54762f00735c582495"
  name = "golang.org/x/exp"
  packages = ["rand"]
  pruneopts = "UT"
  revision = "438050ddec5e7f808979ed57d041cebbc8e2d8a9"

[[projects]]
  branch = "master"
  digest = "1:11586e7d56d97b986ef9a4797508b8dbc05fa3cb8aacc62a2d3486e3b0eb138d"
  name = "gonum.org/v1/gonum"
  packages = [
    "blas",
    "blas/blas64",
    "blas/cblas128",
    "blas/gonum",
    "floats",
    "internal/asm/c128",
    "internal/asm/f32",
    "internal/asm/f64",
    "internal/math32",
    "lapack",
    "lapack/gonum",
    "lapack/lapack64",
    "mat",
    "mathext",
    "mathext/internal/amos",
    "mathext/internal/cephes",
    "mathext/internal/gonum",
    "stat",
    "stat/combin",
    "stat/distuv",
  ]
  pruneopts = "UT"
  revision = "8ea67971a689cf30e802345015b5c758f6c22510"

[solve-meta]
  analyzer-name = "dep"
  analyzer-version = 1
  input-imports = [
    "github.com/google/uuid",
    "github.com/gorilla/mux",
    "go.uber.org/config",
    "go.uber.org/fx",
    "gonum.org/v1/gonum/stat/distuv",
  ]
  solver-name = "gps-cdcl"
  solver-version = 1
